
Microsoft Visual Studio Solution File, Format Version 12.00
# Visual Studio Version 17
VisualStudioVersion = 17.12.35527.113
MinimumVisualStudioVersion = 10.0.40219.1
Project("{FAE04EC0-301F-11D3-BF4B-00C04F79EFBC}") = "Presentation", "Presentation\Presentation.csproj", "{49EF9C4A-1D41-48EE-A54A-43205A4475B4}"
EndProject
Project("{2150E333-8FDC-42A3-9474-1A3956D46DE8}") = "Solution Items", "Solution Items", "{A4A52664-AD48-45F6-A2E7-315E50A72CF3}"
	ProjectSection(SolutionItems) = preProject
		.gitignore = .gitignore
		README.md = README.md
	EndProjectSection
EndProject
Project("{2150E333-8FDC-42A3-9474-1A3956D46DE8}") = "Core", "Core", "{F21889A6-0649-4FBF-AE23-51EE10E87760}"
EndProject
Project("{FAE04EC0-301F-11D3-BF4B-00C04F79EFBC}") = "CoreLib", "CoreLib\CoreLib.csproj", "{CF82C19D-06A5-4BFF-AC9D-8F875D491C82}"
EndProject
Global
	GlobalSection(SolutionConfigurationPlatforms) = preSolution
		Debug|Any CPU = Debug|Any CPU
		Release|Any CPU = Release|Any CPU
	EndGlobalSection
	GlobalSection(ProjectConfigurationPlatforms) = postSolution
		{49EF9C4A-1D41-48EE-A54A-43205A4475B4}.Debug|Any CPU.ActiveCfg = Debug|Any CPU
		{49EF9C4A-1D41-48EE-A54A-43205A4475B4}.Debug|Any CPU.Build.0 = Debug|Any CPU
		{49EF9C4A-1D41-48EE-A54A-43205A4475B4}.Release|Any CPU.ActiveCfg = Release|Any CPU
		{49EF9C4A-1D41-48EE-A54A-43205A4475B4}.Release|Any CPU.Build.0 = Release|Any CPU
		{CF82C19D-06A5-4BFF-AC9D-8F875D491C82}.Debug|Any CPU.ActiveCfg = Debug|Any CPU
		{CF82C19D-06A5-4BFF-AC9D-8F875D491C82}.Debug|Any CPU.Build.0 = Debug|Any CPU
		{CF82C19D-06A5-4BFF-AC9D-8F875D491C82}.Release|Any CPU.ActiveCfg = Release|Any CPU
		{CF82C19D-06A5-4BFF-AC9D-8F875D491C82}.Release|Any CPU.Build.0 = Release|Any CPU
	EndGlobalSection
	GlobalSection(SolutionProperties) = preSolution
		HideSolutionNode = FALSE
	EndGlobalSection
	GlobalSection(NestedProjects) = preSolution
		{CF82C19D-06A5-4BFF-AC9D-8F875D491C82} = {F21889A6-0649-4FBF-AE23-51EE10E87760}
	EndGlobalSection
EndGlobal
